// !$*UTF8*$!
{
	archiveVersion = 1;
	classes = {
	};
	objectVersion = 46;
	objects = {

/* Begin PBXBuildFile section */
		AC7EA6B81F5295D900E93D98 /* main.m in Sources */ = {isa = PBXBuildFile; fileRef = AC7EA6B71F5295D900E93D98 /* main.m */; };
		AC7EA6BB1F5295D900E93D98 /* AppDelegate.m in Sources */ = {isa = PBXBuildFile; fileRef = AC7EA6BA1F5295D900E93D98 /* AppDelegate.m */; };
		AC7EA6BE1F5295D900E93D98 /* ViewController.m in Sources */ = {isa = PBXBuildFile; fileRef = AC7EA6BD1F5295D900E93D98 /* ViewController.m */; };
		AC7EA6C11F5295D900E93D98 /* Main.storyboard in Resources */ = {isa = PBXBuildFile; fileRef = AC7EA6BF1F5295D900E93D98 /* Main.storyboard */; };
		AC7EA6C31F5295D900E93D98 /* Assets.xcassets in Resources */ = {isa = PBXBuildFile; fileRef = AC7EA6C21F5295D900E93D98 /* Assets.xcassets */; };
		AC7EA6C61F5295D900E93D98 /* LaunchScreen.storyboard in Resources */ = {isa = PBXBuildFile; fileRef = AC7EA6C41F5295D900E93D98 /* LaunchScreen.storyboard */; };
		AC7EA6E01F52BDD700E93D98 /* RecordAudioAdapter.m in Sources */ = {isa = PBXBuildFile; fileRef = AC7EA6DF1F52BDD700E93D98 /* RecordAudioAdapter.m */; };
/* End PBXBuildFile section */

/* Begin PBXFileReference section */
		AC7EA6B31F5295D900E93D98 /* MicrophoneRecordDemo.app */ = {isa = PBXFileReference; explicitFileType = wrapper.application; includeInIndex = 0; path = MicrophoneRecordDemo.app; sourceTree = BUILT_PRODUCTS_DIR; };
		AC7EA6B71F5295D900E93D98 /* main.m */ = {isa = PBXFileReference; lastKnownFileType = sourcecode.c.objc; path = main.m; sourceTree = "<group>"; };
		AC7EA6B91F5295D900E93D98 /* AppDelegate.h */ = {isa = PBXFileReference; lastKnownFileType = sourcecode.c.h; path = AppDelegate.h; sourceTree = "<group>"; };
		AC7EA6BA1F5295D900E93D98 /* AppDelegate.m */ = {isa = PBXFileReference; lastKnownFileType = sourcecode.c.objc; path = AppDelegate.m; sourceTree = "<group>"; };
		AC7EA6BC1F5295D900E93D98 /* ViewController.h */ = {isa = PBXFileReference; lastKnownFileType = sourcecode.c.h; path = ViewController.h; sourceTree = "<group>"; };
		AC7EA6BD1F5295D900E93D98 /* ViewController.m */ = {isa = PBXFileReference; lastKnownFileType = sourcecode.c.objc; path = ViewController.m; sourceTree = "<group>"; };
		AC7EA6C01F5295D900E93D98 /* Base */ = {isa = PBXFileReference; lastKnownFileType = file.storyboard; name = Base; path = Base.lproj/Main.storyboard; sourceTree = "<group>"; };
		AC7EA6C21F5295D900E93D98 /* Assets.xcassets */ = {isa = PBXFileReference; lastKnownFileType = folder.assetcatalog; path = Assets.xcassets; sourceTree = "<group>"; };
		AC7EA6C51F5295D900E93D98 /* Base */ = {isa = PBXFileReference; lastKnownFileType = file.storyboard; name = Base; path = Base.lproj/LaunchScreen.storyboard; sourceTree = "<group>"; };
		AC7EA6C71F5295D900E93D98 /* Info.plist */ = {isa = PBXFileReference; lastKnownFileType = text.plist.xml; path = Info.plist; sourceTree = "<group>"; };
		AC7EA6DE1F52BDD700E93D98 /* RecordAudioAdapter.h */ = {isa = PBXFileReference; fileEncoding = 4; lastKnownFileType = sourcecode.c.h; path = RecordAudioAdapter.h; sourceTree = "<group>"; };
		AC7EA6DF1F52BDD700E93D98 /* RecordAudioAdapter.m */ = {isa = PBXFileReference; fileEncoding = 4; lastKnownFileType = sourcecode.c.objc; path = RecordAudioAdapter.m; sourceTree = "<group>"; };
/* End PBXFileReference section */

/* Begin PBXFrameworksBuildPhase section */
		AC7EA6B01F5295D900E93D98 /* Frameworks */ = {
			isa = PBXFrameworksBuildPhase;
			buildActionMask = 2147483647;
			files = (
			);
			runOnlyForDeploymentPostprocessing = 0;
		};
/* End PBXFrameworksBuildPhase section */

/* Begin PBXGroup section */
		AC7EA6AA1F5295D800E93D98 = {
			isa = PBXGroup;
			children = (
				AC7EA6B51F5295D900E93D98 /* MicrophoneRecordDemo */,
				AC7EA6B41F5295D900E93D98 /* Products */,
			);
			sourceTree = "<group>";
		};
		AC7EA6B41F5295D900E93D98 /* Products */ = {
			isa = PBXGroup;
			children = (
				AC7EA6B31F5295D900E93D98 /* MicrophoneRecordDemo.app */,
			);
			name = Products;
			sourceTree = "<group>";
		};
		AC7EA6B51F5295D900E93D98 /* MicrophoneRecordDemo */ = {
			isa = PBXGroup;
			children = (
				AC7EA6B91F5295D900E93D98 /* AppDelegate.h */,
				AC7EA6BA1F5295D900E93D98 /* AppDelegate.m */,
				AC7EA6BC1F5295D900E93D98 /* ViewController.h */,
				AC7EA6BD1F5295D900E93D98 /* ViewController.m */,
				AC7EA6BF1F5295D900E93D98 /* Main.storyboard */,
				AC7EA6C21F5295D900E93D98 /* Assets.xcassets */,
				AC7EA6C41F5295D900E93D98 /* LaunchScreen.storyboard */,
				AC7EA6C71F5295D900E93D98 /* Info.plist */,
				AC7EA6B61F5295D900E93D98 /* Supporting Files */,
				AC7EA6DE1F52BDD700E93D98 /* RecordAudioAdapter.h */,
				AC7EA6DF1F52BDD700E93D98 /* RecordAudioAdapter.m */,
			);
			path = MicrophoneRecordDemo;
			sourceTree = "<group>";
		};
		AC7EA6B61F5295D900E93D98 /* Supporting Files */ = {
			isa = PBXGroup;
			children = (
				AC7EA6B71F5295D900E93D98 /* main.m */,
			);
			name = "Supporting Files";
			sourceTree = "<group>";
		};
/* End PBXGroup section */

/* Begin PBXNativeTarget section */
		AC7EA6B21F5295D900E93D98 /* MicrophoneRecordDemo */ = {
			isa = PBXNativeTarget;
			buildConfigurationList = AC7EA6CA1F5295D900E93D98 /* Build configuration list for PBXNativeTarget "MicrophoneRecordDemo" */;
			buildPhases = (
				AC7EA6AF1F5295D900E93D98 /* Sources */,
				AC7EA6B01F5295D900E93D98 /* Frameworks */,
				AC7EA6B11F5295D900E93D98 /* Resources */,
			);
			buildRules = (
			);
			dependencies = (
			);
			name = MicrophoneRecordDemo;
			productName = MicrophoneRecordDemo;
			productReference = AC7EA6B31F5295D900E93D98 /* MicrophoneRecordDemo.app */;
			productType = "com.apple.product-type.application";
		};
/* End PBXNativeTarget section */

/* Begin PBXProject section */
		AC7EA6AB1F5295D800E93D98 /* Project object */ = {
			isa = PBXProject;
			attributes = {
				LastUpgradeCheck = 0830;
				ORGANIZATIONNAME = tricella;
				TargetAttributes = {
					AC7EA6B21F5295D900E93D98 = {
						CreatedOnToolsVersion = 8.3.3;
						DevelopmentTeam = 5DXQSGGN37;
						ProvisioningStyle = Automatic;
					};
				};
			};
			buildConfigurationList = AC7EA6AE1F5295D800E93D98 /* Build configuration list for PBXProject "MicrophoneRecordDemo" */;
			compatibilityVersion = "Xcode 3.2";
			developmentRegion = English;
			hasScannedForEncodings = 0;
			knownRegions = (
				en,
				Base,
			);
			mainGroup = AC7EA6AA1F5295D800E93D98;
			productRefGroup = AC7EA6B41F5295D900E93D98 /* Products */;
			projectDirPath = "";
			projectRoot = "";
			targets = (
				AC7EA6B21F5295D900E93D98 /* MicrophoneRecordDemo */,
			);
		};
/* End PBXProject section */

/* Begin PBXResourcesBuildPhase section */
		AC7EA6B11F5295D900E93D98 /* Resources */ = {
			isa = PBXResourcesBuildPhase;
			buildActionMask = 2147483647;
			files = (
				AC7EA6C61F5295D900E93D98 /* LaunchScreen.storyboard in Resources */,
				AC7EA6C31F5295D900E93D98 /* Assets.xcassets in Resources */,
				AC7EA6C11F5295D900E93D98 /* Main.storyboard in Resources */,
			);
			runOnlyForDeploymentPostprocessing = 0;
		};
/* End PBXResourcesBuildPhase section */

/* Begin PBXSourcesBuildPhase section */
		AC7EA6AF1F5295D900E93D98 /* Sources */ = {
			isa = PBXSourcesBuildPhase;
			buildActionMask = 2147483647;
			files = (
				AC7EA6BE1F5295D900E93D98 /* ViewController.m in Sources */,
				AC7EA6E01F52BDD700E93D98 /* RecordAudioAdapter.m in Sources */,
				AC7EA6BB1F5295D900E93D98 /* AppDelegate.m in Sources */,
				AC7EA6B81F5295D900E93D98 /* main.m in Sources */,
			);
			runOnlyForDeploymentPostprocessing = 0;
		};
/* End PBXSourcesBuildPhase section */

/* Begin PBXVariantGroup section */
		AC7EA6BF1F5295D900E93D98 /* Main.storyboard */ = {
			isa = PBXVariantGroup;
			children = (
				AC7EA6C01F5295D900E93D98 /* Base */,
			);
			name = Main.storyboard;
			sourceTree = "<group>";
		};
		AC7EA6C41F5295D900E93D98 /* LaunchScreen.storyboard */ = {
			isa = PBXVariantGroup;
			children = (
				AC7EA6C51F5295D900E93D98 /* Base */,
			);
			name = LaunchScreen.storyboard;
			sourceTree = "<group>";
		};
/* End PBXVariantGroup section */

/* Begin XCBuildConfiguration section */
		AC7EA6C81F5295D900E93D98 /* Debug */ = {
			isa = XCBuildConfiguration;
			buildSettings = {
				ALWAYS_SEARCH_USER_PATHS = NO;
				CLANG_ANALYZER_NONNULL = YES;
				CLANG_ANALYZER_NUMBER_OBJECT_CONVERSION = YES_AGGRESSIVE;
				CLANG_CXX_LANGUAGE_STANDARD = "gnu++0x";
				CLANG_CXX_LIBRARY = "libc++";
				CLANG_ENABLE_MODULES = YES;
				CLANG_ENABLE_OBJC_ARC = YES;
				CLANG_WARN_BOOL_CONVERSION = YES;
				CLANG_WARN_CONSTANT_CONVERSION = YES;
				CLANG_WARN_DIRECT_OBJC_ISA_USAGE = YES_ERROR;
				CLANG_WARN_DOCUMENTATION_COMMENTS = YES;
				CLANG_WARN_EMPTY_BODY = YES;
				CLANG_WARN_ENUM_CONVERSION = YES;
				CLANG_WARN_INFINITE_RECURSION = YES;
				CLANG_WARN_INT_CONVERSION = YES;
				CLANG_WARN_OBJC_ROOT_CLASS = YES_ERROR;
				CLANG_WARN_SUSPICIOUS_MOVE = YES;
				CLANG_WARN_UNREACHABLE_CODE = YES;
				CLANG_WARN__DUPLICATE_METHOD_MATCH = YES;
				"CODE_SIGN_IDENTITY[sdk=iphoneos*]" = "iPhone Developer";
				COPY_PHASE_STRIP = NO;
				DEBUG_INFORMATION_FORMAT = dwarf;
				ENABLE_STRICT_OBJC_MSGSEND = YES;
				ENABLE_TESTABILITY = YES;
				GCC_C_LANGUAGE_STANDARD = gnu99;
				GCC_DYNAMIC_NO_PIC = NO;
				GCC_NO_COMMON_BLOCKS = YES;
				GCC_OPTIMIZATION_LEVEL = 0;
				GCC_PREPROCESSOR_DEFINITIONS = (
					"DEBUG=1",
					"$(inherited)",
				);
				GCC_WARN_64_TO_32_BIT_CONVERSION = YES;
				GCC_WARN_ABOUT_RETURN_TYPE = YES_ERROR;
				GCC_WARN_UNDECLARED_SELECTOR = YES;
				GCC_WARN_UNINITIALIZED_AUTOS = YES_AGGRESSIVE;
				GCC_WARN_UNUSED_FUNCTION = YES;
				GCC_WARN_UNUSED_VARIABLE = YES;
				IPHONEOS_DEPLOYMENT_TARGET = 10.3;
				MTL_ENABLE_DEBUG_INFO = YES;
				ONLY_ACTIVE_ARCH = YES;
				SDKROOT = iphoneos;
				TARGETED_DEVICE_FAMILY = "1,2";
			};
			name = Debug;
		};
		AC7EA6C91F5295D900E93D98 /* Release */ = {
			isa = XCBuildConfiguration;
			buildSettings = {
				ALWAYS_SEARCH_USER_PATHS = NO;
				CLANG_ANALYZER_NONNULL = YES;
				CLANG_ANALYZER_NUMBER_OBJECT_CONVERSION = YES_AGGRESSIVE;
				CLANG_CXX_LANGUAGE_STANDARD = "gnu++0x";
				CLANG_CXX_LIBRARY = "libc++";
				CLANG_ENABLE_MODULES = YES;
				CLANG_ENABLE_OBJC_ARC = YES;
				CLANG_WARN_BOOL_CONVERSION = YES;
				CLANG_WARN_CONSTANT_CONVERSION = YES;
				CLANG_WARN_DIRECT_OBJC_ISA_USAGE = YES_ERROR;
				CLANG_WARN_DOCUMENTATION_COMMENTS = YES;
				CLANG_WARN_EMPTY_BODY = YES;
				CLANG_WARN_ENUM_CONVERSION = YES;
				CLANG_WARN_INFINITE_RECURSION = YES;
				CLANG_WARN_INT_CONVERSION = YES;
				CLANG_WARN_OBJC_ROOT_CLASS = YES_ERROR;
				CLANG_WARN_SUSPICIOUS_MOVE = YES;
				CLANG_WARN_UNREACHABLE_CODE = YES;
				CLANG_WARN__DUPLICATE_METHOD_MATCH = YES;
				"CODE_SIGN_IDENTITY[sdk=iphoneos*]" = "iPhone Developer";
				COPY_PHASE_STRIP = NO;
				DEBUG_INFORMATION_FORMAT = "dwarf-with-dsym";
				ENABLE_NS_ASSERTIONS = NO;
				ENABLE_STRICT_OBJC_MSGSEND = YES;
				GCC_C_LANGUAGE_STANDARD = gnu99;
				GCC_NO_COMMON_BLOCKS = YES;
				GCC_WARN_64_TO_32_BIT_CONVERSION = YES;
				GCC_WARN_ABOUT_RETURN_TYPE = YES_ERROR;
				GCC_WARN_UNDECLARED_SELECTOR = YES;
				GCC_WARN_UNINITIALIZED_AUTOS = YES_AGGRESSIVE;
				GCC_WARN_UNUSED_FUNCTION = YES;
				GCC_WARN_UNUSED_VARIABLE = YES;
				IPHONEOS_DEPLOYMENT_TARGET = 10.3;
				MTL_ENABLE_DEBUG_INFO = NO;
				SDKROOT = iphoneos;
				TARGETED_DEVICE_FAMILY = "1,2";
				VALIDATE_PRODUCT = YES;
			};
			name = Release;
		};
		AC7EA6CB1F5295D900E93D98 /* Debug */ = {
			isa = XCBuildConfiguration;
			buildSettings = {
				ASSETCATALOG_COMPILER_APPICON_NAME = AppIcon;
				DEVELOPMENT_TEAM = 5DXQSGGN37;
				INFOPLIST_FILE = MicrophoneRecordDemo/Info.plist;
				LD_RUNPATH_SEARCH_PATHS = "$(inherited) @executable_path/Frameworks";
				PRODUCT_BUNDLE_IDENTIFIER = com.tricella.MicrophoneRecordDemo;
				PRODUCT_NAME = "$(TARGET_NAME)";
			};
			name = Debug;
		};
		AC7EA6CC1F5295D900E93D98 /* Release */ = {
			isa = XCBuildConfiguration;
			buildSettings = {
				ASSETCATALOG_COMPILER_APPICON_NAME = AppIcon;
				DEVELOPMENT_TEAM = 5DXQSGGN37;
				INFOPLIST_FILE = MicrophoneRecordDemo/Info.plist;
				LD_RUNPATH_SEARCH_PATHS = "$(inherited) @executable_path/Frameworks";
				PRODUCT_BUNDLE_IDENTIFIER = com.tricella.MicrophoneRecordDemo;
				PRODUCT_NAME = "$(TARGET_NAME)";
			};
			name = Release;
		};
/* End XCBuildConfiguration section */

/* Begin XCConfigurationList section */
		AC7EA6AE1F5295D800E93D98 /* Build configuration list for PBXProject "MicrophoneRecordDemo" */ = {
			isa = XCConfigurationList;
			buildConfigurations = (
				AC7EA6C81F5295D900E93D98 /* Debug */,
				AC7EA6C91F5295D900E93D98 /* Release */,
			);
			defaultConfigurationIsVisible = 0;
			defaultConfigurationName = Release;
		};
		AC7EA6CA1F5295D900E93D98 /* Build configuration list for PBXNativeTarget "MicrophoneRecordDemo" */ = {
			isa = XCConfigurationList;
			buildConfigurations = (
				AC7EA6CB1F5295D900E93D98 /* Debug */,
				AC7EA6CC1F5295D900E93D98 /* Release */,
			);
			defaultConfigurationIsVisible = 0;
			defaultConfigurationName = Release;
		};
/* End XCConfigurationList section */
	};
	rootObject = AC7EA6AB1F5295D800E93D98 /* Project object */;
}
