// !$*UTF8*$!
{
	archiveVersion = 1;
	classes = {
	};
	objectVersion = 50;
	objects = {

/* Begin PBXBuildFile section */
		65C67DA124D01B8A0067347A /* AppDelegate.m in Sources */ = {isa = PBXBuildFile; fileRef = 65C67DA024D01B8A0067347A /* AppDelegate.m */; };
		65C67DA424D01B8A0067347A /* SceneDelegate.m in Sources */ = {isa = PBXBuildFile; fileRef = 65C67DA324D01B8A0067347A /* SceneDelegate.m */; };
		65C67DA724D01B8A0067347A /* ViewController.m in Sources */ = {isa = PBXBuildFile; fileRef = 65C67DA624D01B8A0067347A /* ViewController.m */; };
		65C67DAA24D01B8A0067347A /* Main.storyboard in Resources */ = {isa = PBXBuildFile; fileRef = 65C67DA824D01B8A0067347A /* Main.storyboard */; };
		65C67DAC24D01B8B0067347A /* Assets.xcassets in Resources */ = {isa = PBXBuildFile; fileRef = 65C67DAB24D01B8B0067347A /* Assets.xcassets */; };
		65C67DAF24D01B8B0067347A /* LaunchScreen.storyboard in Resources */ = {isa = PBXBuildFile; fileRef = 65C67DAD24D01B8B0067347A /* LaunchScreen.storyboard */; };
		65C67DB224D01B8B0067347A /* main.m in Sources */ = {isa = PBXBuildFile; fileRef = 65C67DB124D01B8B0067347A /* main.m */; };
		65C67DBC24D01B8B0067347A /* BlockTests.m in Sources */ = {isa = PBXBuildFile; fileRef = 65C67DBB24D01B8B0067347A /* BlockTests.m */; };
		65C67DC724D01B8B0067347A /* BlockUITests.m in Sources */ = {isa = PBXBuildFile; fileRef = 65C67DC624D01B8B0067347A /* BlockUITests.m */; };
		65C67DD624D01BCE0067347A /* DetailViewController.m in Sources */ = {isa = PBXBuildFile; fileRef = 65C67DD524D01BCE0067347A /* DetailViewController.m */; };
		65C67DD924D01E990067347A /* SomeViewController.m in Sources */ = {isa = PBXBuildFile; fileRef = 65C67DD824D01E990067347A /* SomeViewController.m */; };
/* End PBXBuildFile section */

/* Begin PBXContainerItemProxy section */
		65C67DB824D01B8B0067347A /* PBXContainerItemProxy */ = {
			isa = PBXContainerItemProxy;
			containerPortal = 65C67D9424D01B8A0067347A /* Project object */;
			proxyType = 1;
			remoteGlobalIDString = 65C67D9B24D01B8A0067347A;
			remoteInfo = Block;
		};
		65C67DC324D01B8B0067347A /* PBXContainerItemProxy */ = {
			isa = PBXContainerItemProxy;
			containerPortal = 65C67D9424D01B8A0067347A /* Project object */;
			proxyType = 1;
			remoteGlobalIDString = 65C67D9B24D01B8A0067347A;
			remoteInfo = Block;
		};
/* End PBXContainerItemProxy section */

/* Begin PBXFileReference section */
		65C67D9C24D01B8A0067347A /* Block.app */ = {isa = PBXFileReference; explicitFileType = wrapper.application; includeInIndex = 0; path = Block.app; sourceTree = BUILT_PRODUCTS_DIR; };
		65C67D9F24D01B8A0067347A /* AppDelegate.h */ = {isa = PBXFileReference; lastKnownFileType = sourcecode.c.h; path = AppDelegate.h; sourceTree = "<group>"; };
		65C67DA024D01B8A0067347A /* AppDelegate.m */ = {isa = PBXFileReference; lastKnownFileType = sourcecode.c.objc; path = AppDelegate.m; sourceTree = "<group>"; };
		65C67DA224D01B8A0067347A /* SceneDelegate.h */ = {isa = PBXFileReference; lastKnownFileType = sourcecode.c.h; path = SceneDelegate.h; sourceTree = "<group>"; };
		65C67DA324D01B8A0067347A /* SceneDelegate.m */ = {isa = PBXFileReference; lastKnownFileType = sourcecode.c.objc; path = SceneDelegate.m; sourceTree = "<group>"; };
		65C67DA524D01B8A0067347A /* ViewController.h */ = {isa = PBXFileReference; lastKnownFileType = sourcecode.c.h; path = ViewController.h; sourceTree = "<group>"; };
		65C67DA624D01B8A0067347A /* ViewController.m */ = {isa = PBXFileReference; lastKnownFileType = sourcecode.c.objc; path = ViewController.m; sourceTree = "<group>"; };
		65C67DA924D01B8A0067347A /* Base */ = {isa = PBXFileReference; lastKnownFileType = file.storyboard; name = Base; path = Base.lproj/Main.storyboard; sourceTree = "<group>"; };
		65C67DAB24D01B8B0067347A /* Assets.xcassets */ = {isa = PBXFileReference; lastKnownFileType = folder.assetcatalog; path = Assets.xcassets; sourceTree = "<group>"; };
		65C67DAE24D01B8B0067347A /* Base */ = {isa = PBXFileReference; lastKnownFileType = file.storyboard; name = Base; path = Base.lproj/LaunchScreen.storyboard; sourceTree = "<group>"; };
		65C67DB024D01B8B0067347A /* Info.plist */ = {isa = PBXFileReference; lastKnownFileType = text.plist.xml; path = Info.plist; sourceTree = "<group>"; };
		65C67DB124D01B8B0067347A /* main.m */ = {isa = PBXFileReference; lastKnownFileType = sourcecode.c.objc; path = main.m; sourceTree = "<group>"; };
		65C67DB724D01B8B0067347A /* BlockTests.xctest */ = {isa = PBXFileReference; explicitFileType = wrapper.cfbundle; includeInIndex = 0; path = BlockTests.xctest; sourceTree = BUILT_PRODUCTS_DIR; };
		65C67DBB24D01B8B0067347A /* BlockTests.m */ = {isa = PBXFileReference; lastKnownFileType = sourcecode.c.objc; path = BlockTests.m; sourceTree = "<group>"; };
		65C67DBD24D01B8B0067347A /* Info.plist */ = {isa = PBXFileReference; lastKnownFileType = text.plist.xml; path = Info.plist; sourceTree = "<group>"; };
		65C67DC224D01B8B0067347A /* BlockUITests.xctest */ = {isa = PBXFileReference; explicitFileType = wrapper.cfbundle; includeInIndex = 0; path = BlockUITests.xctest; sourceTree = BUILT_PRODUCTS_DIR; };
		65C67DC624D01B8B0067347A /* BlockUITests.m */ = {isa = PBXFileReference; lastKnownFileType = sourcecode.c.objc; path = BlockUITests.m; sourceTree = "<group>"; };
		65C67DC824D01B8B0067347A /* Info.plist */ = {isa = PBXFileReference; lastKnownFileType = text.plist.xml; path = Info.plist; sourceTree = "<group>"; };
		65C67DD424D01BCE0067347A /* DetailViewController.h */ = {isa = PBXFileReference; lastKnownFileType = sourcecode.c.h; path = DetailViewController.h; sourceTree = "<group>"; };
		65C67DD524D01BCE0067347A /* DetailViewController.m */ = {isa = PBXFileReference; lastKnownFileType = sourcecode.c.objc; path = DetailViewController.m; sourceTree = "<group>"; };
		65C67DD724D01E990067347A /* SomeViewController.h */ = {isa = PBXFileReference; lastKnownFileType = sourcecode.c.h; path = SomeViewController.h; sourceTree = "<group>"; };
		65C67DD824D01E990067347A /* SomeViewController.m */ = {isa = PBXFileReference; lastKnownFileType = sourcecode.c.objc; path = SomeViewController.m; sourceTree = "<group>"; };
/* End PBXFileReference section */

/* Begin PBXFrameworksBuildPhase section */
		65C67D9924D01B8A0067347A /* Frameworks */ = {
			isa = PBXFrameworksBuildPhase;
			buildActionMask = 2147483647;
			files = (
			);
			runOnlyForDeploymentPostprocessing = 0;
		};
		65C67DB424D01B8B0067347A /* Frameworks */ = {
			isa = PBXFrameworksBuildPhase;
			buildActionMask = 2147483647;
			files = (
			);
			runOnlyForDeploymentPostprocessing = 0;
		};
		65C67DBF24D01B8B0067347A /* Frameworks */ = {
			isa = PBXFrameworksBuildPhase;
			buildActionMask = 2147483647;
			files = (
			);
			runOnlyForDeploymentPostprocessing = 0;
		};
/* End PBXFrameworksBuildPhase section */

/* Begin PBXGroup section */
		65C67D9324D01B8A0067347A = {
			isa = PBXGroup;
			children = (
				65C67D9E24D01B8A0067347A /* Block */,
				65C67DBA24D01B8B0067347A /* BlockTests */,
				65C67DC524D01B8B0067347A /* BlockUITests */,
				65C67D9D24D01B8A0067347A /* Products */,
			);
			sourceTree = "<group>";
		};
		65C67D9D24D01B8A0067347A /* Products */ = {
			isa = PBXGroup;
			children = (
				65C67D9C24D01B8A0067347A /* Block.app */,
				65C67DB724D01B8B0067347A /* BlockTests.xctest */,
				65C67DC224D01B8B0067347A /* BlockUITests.xctest */,
			);
			name = Products;
			sourceTree = "<group>";
		};
		65C67D9E24D01B8A0067347A /* Block */ = {
			isa = PBXGroup;
			children = (
				65C67D9F24D01B8A0067347A /* AppDelegate.h */,
				65C67DA024D01B8A0067347A /* AppDelegate.m */,
				65C67DA224D01B8A0067347A /* SceneDelegate.h */,
				65C67DA324D01B8A0067347A /* SceneDelegate.m */,
				65C67DA524D01B8A0067347A /* ViewController.h */,
				65C67DA624D01B8A0067347A /* ViewController.m */,
				65C67DA824D01B8A0067347A /* Main.storyboard */,
				65C67DAB24D01B8B0067347A /* Assets.xcassets */,
				65C67DAD24D01B8B0067347A /* LaunchScreen.storyboard */,
				65C67DB024D01B8B0067347A /* Info.plist */,
				65C67DB124D01B8B0067347A /* main.m */,
				65C67DD424D01BCE0067347A /* DetailViewController.h */,
				65C67DD524D01BCE0067347A /* DetailViewController.m */,
				65C67DD724D01E990067347A /* SomeViewController.h */,
				65C67DD824D01E990067347A /* SomeViewController.m */,
			);
			path = Block;
			sourceTree = "<group>";
		};
		65C67DBA24D01B8B0067347A /* BlockTests */ = {
			isa = PBXGroup;
			children = (
				65C67DBB24D01B8B0067347A /* BlockTests.m */,
				65C67DBD24D01B8B0067347A /* Info.plist */,
			);
			path = BlockTests;
			sourceTree = "<group>";
		};
		65C67DC524D01B8B0067347A /* BlockUITests */ = {
			isa = PBXGroup;
			children = (
				65C67DC624D01B8B0067347A /* BlockUITests.m */,
				65C67DC824D01B8B0067347A /* Info.plist */,
			);
			path = BlockUITests;
			sourceTree = "<group>";
		};
/* End PBXGroup section */

/* Begin PBXNativeTarget section */
		65C67D9B24D01B8A0067347A /* Block */ = {
			isa = PBXNativeTarget;
			buildConfigurationList = 65C67DCB24D01B8B0067347A /* Build configuration list for PBXNativeTarget "Block" */;
			buildPhases = (
				65C67D9824D01B8A0067347A /* Sources */,
				65C67D9924D01B8A0067347A /* Frameworks */,
				65C67D9A24D01B8A0067347A /* Resources */,
			);
			buildRules = (
			);
			dependencies = (
			);
			name = Block;
			productName = Block;
			productReference = 65C67D9C24D01B8A0067347A /* Block.app */;
			productType = "com.apple.product-type.application";
		};
		65C67DB624D01B8B0067347A /* BlockTests */ = {
			isa = PBXNativeTarget;
			buildConfigurationList = 65C67DCE24D01B8B0067347A /* Build configuration list for PBXNativeTarget "BlockTests" */;
			buildPhases = (
				65C67DB324D01B8B0067347A /* Sources */,
				65C67DB424D01B8B0067347A /* Frameworks */,
				65C67DB524D01B8B0067347A /* Resources */,
			);
			buildRules = (
			);
			dependencies = (
				65C67DB924D01B8B0067347A /* PBXTargetDependency */,
			);
			name = BlockTests;
			productName = BlockTests;
			productReference = 65C67DB724D01B8B0067347A /* BlockTests.xctest */;
			productType = "com.apple.product-type.bundle.unit-test";
		};
		65C67DC124D01B8B0067347A /* BlockUITests */ = {
			isa = PBXNativeTarget;
			buildConfigurationList = 65C67DD124D01B8B0067347A /* Build configuration list for PBXNativeTarget "BlockUITests" */;
			buildPhases = (
				65C67DBE24D01B8B0067347A /* Sources */,
				65C67DBF24D01B8B0067347A /* Frameworks */,
				65C67DC024D01B8B0067347A /* Resources */,
			);
			buildRules = (
			);
			dependencies = (
				65C67DC424D01B8B0067347A /* PBXTargetDependency */,
			);
			name = BlockUITests;
			productName = BlockUITests;
			productReference = 65C67DC224D01B8B0067347A /* BlockUITests.xctest */;
			productType = "com.apple.product-type.bundle.ui-testing";
		};
/* End PBXNativeTarget section */

/* Begin PBXProject section */
		65C67D9424D01B8A0067347A /* Project object */ = {
			isa = PBXProject;
			attributes = {
				LastUpgradeCheck = 1160;
				ORGANIZATIONNAME = kuanwei;
				TargetAttributes = {
					65C67D9B24D01B8A0067347A = {
						CreatedOnToolsVersion = 11.6;
					};
					65C67DB624D01B8B0067347A = {
						CreatedOnToolsVersion = 11.6;
						TestTargetID = 65C67D9B24D01B8A0067347A;
					};
					65C67DC124D01B8B0067347A = {
						CreatedOnToolsVersion = 11.6;
						TestTargetID = 65C67D9B24D01B8A0067347A;
					};
				};
			};
			buildConfigurationList = 65C67D9724D01B8A0067347A /* Build configuration list for PBXProject "Block" */;
			compatibilityVersion = "Xcode 9.3";
			developmentRegion = en;
			hasScannedForEncodings = 0;
			knownRegions = (
				en,
				Base,
			);
			mainGroup = 65C67D9324D01B8A0067347A;
			productRefGroup = 65C67D9D24D01B8A0067347A /* Products */;
			projectDirPath = "";
			projectRoot = "";
			targets = (
				65C67D9B24D01B8A0067347A /* Block */,
				65C67DB624D01B8B0067347A /* BlockTests */,
				65C67DC124D01B8B0067347A /* BlockUITests */,
			);
		};
/* End PBXProject section */

/* Begin PBXResourcesBuildPhase section */
		65C67D9A24D01B8A0067347A /* Resources */ = {
			isa = PBXResourcesBuildPhase;
			buildActionMask = 2147483647;
			files = (
				65C67DAF24D01B8B0067347A /* LaunchScreen.storyboard in Resources */,
				65C67DAC24D01B8B0067347A /* Assets.xcassets in Resources */,
				65C67DAA24D01B8A0067347A /* Main.storyboard in Resources */,
			);
			runOnlyForDeploymentPostprocessing = 0;
		};
		65C67DB524D01B8B0067347A /* Resources */ = {
			isa = PBXResourcesBuildPhase;
			buildActionMask = 2147483647;
			files = (
			);
			runOnlyForDeploymentPostprocessing = 0;
		};
		65C67DC024D01B8B0067347A /* Resources */ = {
			isa = PBXResourcesBuildPhase;
			buildActionMask = 2147483647;
			files = (
			);
			runOnlyForDeploymentPostprocessing = 0;
		};
/* End PBXResourcesBuildPhase section */

/* Begin PBXSourcesBuildPhase section */
		65C67D9824D01B8A0067347A /* Sources */ = {
			isa = PBXSourcesBuildPhase;
			buildActionMask = 2147483647;
			files = (
				65C67DD924D01E990067347A /* SomeViewController.m in Sources */,
				65C67DD624D01BCE0067347A /* DetailViewController.m in Sources */,
				65C67DA724D01B8A0067347A /* ViewController.m in Sources */,
				65C67DA124D01B8A0067347A /* AppDelegate.m in Sources */,
				65C67DB224D01B8B0067347A /* main.m in Sources */,
				65C67DA424D01B8A0067347A /* SceneDelegate.m in Sources */,
			);
			runOnlyForDeploymentPostprocessing = 0;
		};
		65C67DB324D01B8B0067347A /* Sources */ = {
			isa = PBXSourcesBuildPhase;
			buildActionMask = 2147483647;
			files = (
				65C67DBC24D01B8B0067347A /* BlockTests.m in Sources */,
			);
			runOnlyForDeploymentPostprocessing = 0;
		};
		65C67DBE24D01B8B0067347A /* Sources */ = {
			isa = PBXSourcesBuildPhase;
			buildActionMask = 2147483647;
			files = (
				65C67DC724D01B8B0067347A /* BlockUITests.m in Sources */,
			);
			runOnlyForDeploymentPostprocessing = 0;
		};
/* End PBXSourcesBuildPhase section */

/* Begin PBXTargetDependency section */
		65C67DB924D01B8B0067347A /* PBXTargetDependency */ = {
			isa = PBXTargetDependency;
			target = 65C67D9B24D01B8A0067347A /* Block */;
			targetProxy = 65C67DB824D01B8B0067347A /* PBXContainerItemProxy */;
		};
		65C67DC424D01B8B0067347A /* PBXTargetDependency */ = {
			isa = PBXTargetDependency;
			target = 65C67D9B24D01B8A0067347A /* Block */;
			targetProxy = 65C67DC324D01B8B0067347A /* PBXContainerItemProxy */;
		};
/* End PBXTargetDependency section */

/* Begin PBXVariantGroup section */
		65C67DA824D01B8A0067347A /* Main.storyboard */ = {
			isa = PBXVariantGroup;
			children = (
				65C67DA924D01B8A0067347A /* Base */,
			);
			name = Main.storyboard;
			sourceTree = "<group>";
		};
		65C67DAD24D01B8B0067347A /* LaunchScreen.storyboard */ = {
			isa = PBXVariantGroup;
			children = (
				65C67DAE24D01B8B0067347A /* Base */,
			);
			name = LaunchScreen.storyboard;
			sourceTree = "<group>";
		};
/* End PBXVariantGroup section */

/* Begin XCBuildConfiguration section */
		65C67DC924D01B8B0067347A /* Debug */ = {
			isa = XCBuildConfiguration;
			buildSettings = {
				ALWAYS_SEARCH_USER_PATHS = NO;
				CLANG_ANALYZER_NONNULL = YES;
				CLANG_ANALYZER_NUMBER_OBJECT_CONVERSION = YES_AGGRESSIVE;
				CLANG_CXX_LANGUAGE_STANDARD = "gnu++14";
				CLANG_CXX_LIBRARY = "libc++";
				CLANG_ENABLE_MODULES = YES;
				CLANG_ENABLE_OBJC_ARC = YES;
				CLANG_ENABLE_OBJC_WEAK = YES;
				CLANG_WARN_BLOCK_CAPTURE_AUTORELEASING = YES;
				CLANG_WARN_BOOL_CONVERSION = YES;
				CLANG_WARN_COMMA = YES;
				CLANG_WARN_CONSTANT_CONVERSION = YES;
				CLANG_WARN_DEPRECATED_OBJC_IMPLEMENTATIONS = YES;
				CLANG_WARN_DIRECT_OBJC_ISA_USAGE = YES_ERROR;
				CLANG_WARN_DOCUMENTATION_COMMENTS = YES;
				CLANG_WARN_EMPTY_BODY = YES;
				CLANG_WARN_ENUM_CONVERSION = YES;
				CLANG_WARN_INFINITE_RECURSION = YES;
				CLANG_WARN_INT_CONVERSION = YES;
				CLANG_WARN_NON_LITERAL_NULL_CONVERSION = YES;
				CLANG_WARN_OBJC_IMPLICIT_RETAIN_SELF = YES;
				CLANG_WARN_OBJC_LITERAL_CONVERSION = YES;
				CLANG_WARN_OBJC_ROOT_CLASS = YES_ERROR;
				CLANG_WARN_RANGE_LOOP_ANALYSIS = YES;
				CLANG_WARN_STRICT_PROTOTYPES = YES;
				CLANG_WARN_SUSPICIOUS_MOVE = YES;
				CLANG_WARN_UNGUARDED_AVAILABILITY = YES_AGGRESSIVE;
				CLANG_WARN_UNREACHABLE_CODE = YES;
				CLANG_WARN__DUPLICATE_METHOD_MATCH = YES;
				COPY_PHASE_STRIP = NO;
				DEBUG_INFORMATION_FORMAT = dwarf;
				ENABLE_STRICT_OBJC_MSGSEND = YES;
				ENABLE_TESTABILITY = YES;
				GCC_C_LANGUAGE_STANDARD = gnu11;
				GCC_DYNAMIC_NO_PIC = NO;
				GCC_NO_COMMON_BLOCKS = YES;
				GCC_OPTIMIZATION_LEVEL = 0;
				GCC_PREPROCESSOR_DEFINITIONS = (
					"DEBUG=1",
					"$(inherited)",
				);
				GCC_WARN_64_TO_32_BIT_CONVERSION = YES;
				GCC_WARN_ABOUT_RETURN_TYPE = YES_ERROR;
				GCC_WARN_UNDECLARED_SELECTOR = YES;
				GCC_WARN_UNINITIALIZED_AUTOS = YES_AGGRESSIVE;
				GCC_WARN_UNUSED_FUNCTION = YES;
				GCC_WARN_UNUSED_VARIABLE = YES;
				IPHONEOS_DEPLOYMENT_TARGET = 13.6;
				MTL_ENABLE_DEBUG_INFO = INCLUDE_SOURCE;
				MTL_FAST_MATH = YES;
				ONLY_ACTIVE_ARCH = YES;
				SDKROOT = iphoneos;
			};
			name = Debug;
		};
		65C67DCA24D01B8B0067347A /* Release */ = {
			isa = XCBuildConfiguration;
			buildSettings = {
				ALWAYS_SEARCH_USER_PATHS = NO;
				CLANG_ANALYZER_NONNULL = YES;
				CLANG_ANALYZER_NUMBER_OBJECT_CONVERSION = YES_AGGRESSIVE;
				CLANG_CXX_LANGUAGE_STANDARD = "gnu++14";
				CLANG_CXX_LIBRARY = "libc++";
				CLANG_ENABLE_MODULES = YES;
				CLANG_ENABLE_OBJC_ARC = YES;
				CLANG_ENABLE_OBJC_WEAK = YES;
				CLANG_WARN_BLOCK_CAPTURE_AUTORELEASING = YES;
				CLANG_WARN_BOOL_CONVERSION = YES;
				CLANG_WARN_COMMA = YES;
				CLANG_WARN_CONSTANT_CONVERSION = YES;
				CLANG_WARN_DEPRECATED_OBJC_IMPLEMENTATIONS = YES;
				CLANG_WARN_DIRECT_OBJC_ISA_USAGE = YES_ERROR;
				CLANG_WARN_DOCUMENTATION_COMMENTS = YES;
				CLANG_WARN_EMPTY_BODY = YES;
				CLANG_WARN_ENUM_CONVERSION = YES;
				CLANG_WARN_INFINITE_RECURSION = YES;
				CLANG_WARN_INT_CONVERSION = YES;
				CLANG_WARN_NON_LITERAL_NULL_CONVERSION = YES;
				CLANG_WARN_OBJC_IMPLICIT_RETAIN_SELF = YES;
				CLANG_WARN_OBJC_LITERAL_CONVERSION = YES;
				CLANG_WARN_OBJC_ROOT_CLASS = YES_ERROR;
				CLANG_WARN_RANGE_LOOP_ANALYSIS = YES;
				CLANG_WARN_STRICT_PROTOTYPES = YES;
				CLANG_WARN_SUSPICIOUS_MOVE = YES;
				CLANG_WARN_UNGUARDED_AVAILABILITY = YES_AGGRESSIVE;
				CLANG_WARN_UNREACHABLE_CODE = YES;
				CLANG_WARN__DUPLICATE_METHOD_MATCH = YES;
				COPY_PHASE_STRIP = NO;
				DEBUG_INFORMATION_FORMAT = "dwarf-with-dsym";
				ENABLE_NS_ASSERTIONS = NO;
				ENABLE_STRICT_OBJC_MSGSEND = YES;
				GCC_C_LANGUAGE_STANDARD = gnu11;
				GCC_NO_COMMON_BLOCKS = YES;
				GCC_WARN_64_TO_32_BIT_CONVERSION = YES;
				GCC_WARN_ABOUT_RETURN_TYPE = YES_ERROR;
				GCC_WARN_UNDECLARED_SELECTOR = YES;
				GCC_WARN_UNINITIALIZED_AUTOS = YES_AGGRESSIVE;
				GCC_WARN_UNUSED_FUNCTION = YES;
				GCC_WARN_UNUSED_VARIABLE = YES;
				IPHONEOS_DEPLOYMENT_TARGET = 13.6;
				MTL_ENABLE_DEBUG_INFO = NO;
				MTL_FAST_MATH = YES;
				SDKROOT = iphoneos;
				VALIDATE_PRODUCT = YES;
			};
			name = Release;
		};
		65C67DCC24D01B8B0067347A /* Debug */ = {
			isa = XCBuildConfiguration;
			buildSettings = {
				ASSETCATALOG_COMPILER_APPICON_NAME = AppIcon;
				CODE_SIGN_STYLE = Automatic;
				INFOPLIST_FILE = Block/Info.plist;
				LD_RUNPATH_SEARCH_PATHS = (
					"$(inherited)",
					"@executable_path/Frameworks",
				);
				PRODUCT_BUNDLE_IDENTIFIER = com.linecorp.Block;
				PRODUCT_NAME = "$(TARGET_NAME)";
				TARGETED_DEVICE_FAMILY = "1,2";
			};
			name = Debug;
		};
		65C67DCD24D01B8B0067347A /* Release */ = {
			isa = XCBuildConfiguration;
			buildSettings = {
				ASSETCATALOG_COMPILER_APPICON_NAME = AppIcon;
				CODE_SIGN_STYLE = Automatic;
				INFOPLIST_FILE = Block/Info.plist;
				LD_RUNPATH_SEARCH_PATHS = (
					"$(inherited)",
					"@executable_path/Frameworks",
				);
				PRODUCT_BUNDLE_IDENTIFIER = com.linecorp.Block;
				PRODUCT_NAME = "$(TARGET_NAME)";
				TARGETED_DEVICE_FAMILY = "1,2";
			};
			name = Release;
		};
		65C67DCF24D01B8B0067347A /* Debug */ = {
			isa = XCBuildConfiguration;
			buildSettings = {
				BUNDLE_LOADER = "$(TEST_HOST)";
				CODE_SIGN_STYLE = Automatic;
				INFOPLIST_FILE = BlockTests/Info.plist;
				IPHONEOS_DEPLOYMENT_TARGET = 13.6;
				LD_RUNPATH_SEARCH_PATHS = (
					"$(inherited)",
					"@executable_path/Frameworks",
					"@loader_path/Frameworks",
				);
				PRODUCT_BUNDLE_IDENTIFIER = com.linecorp.BlockTests;
				PRODUCT_NAME = "$(TARGET_NAME)";
				TARGETED_DEVICE_FAMILY = "1,2";
				TEST_HOST = "$(BUILT_PRODUCTS_DIR)/Block.app/Block";
			};
			name = Debug;
		};
		65C67DD024D01B8B0067347A /* Release */ = {
			isa = XCBuildConfiguration;
			buildSettings = {
				BUNDLE_LOADER = "$(TEST_HOST)";
				CODE_SIGN_STYLE = Automatic;
				INFOPLIST_FILE = BlockTests/Info.plist;
				IPHONEOS_DEPLOYMENT_TARGET = 13.6;
				LD_RUNPATH_SEARCH_PATHS = (
					"$(inherited)",
					"@executable_path/Frameworks",
					"@loader_path/Frameworks",
				);
				PRODUCT_BUNDLE_IDENTIFIER = com.linecorp.BlockTests;
				PRODUCT_NAME = "$(TARGET_NAME)";
				TARGETED_DEVICE_FAMILY = "1,2";
				TEST_HOST = "$(BUILT_PRODUCTS_DIR)/Block.app/Block";
			};
			name = Release;
		};
		65C67DD224D01B8B0067347A /* Debug */ = {
			isa = XCBuildConfiguration;
			buildSettings = {
				CODE_SIGN_STYLE = Automatic;
				INFOPLIST_FILE = BlockUITests/Info.plist;
				LD_RUNPATH_SEARCH_PATHS = (
					"$(inherited)",
					"@executable_path/Frameworks",
					"@loader_path/Frameworks",
				);
				PRODUCT_BUNDLE_IDENTIFIER = com.linecorp.BlockUITests;
				PRODUCT_NAME = "$(TARGET_NAME)";
				TARGETED_DEVICE_FAMILY = "1,2";
				TEST_TARGET_NAME = Block;
			};
			name = Debug;
		};
		65C67DD324D01B8B0067347A /* Release */ = {
			isa = XCBuildConfiguration;
			buildSettings = {
				CODE_SIGN_STYLE = Automatic;
				INFOPLIST_FILE = BlockUITests/Info.plist;
				LD_RUNPATH_SEARCH_PATHS = (
					"$(inherited)",
					"@executable_path/Frameworks",
					"@loader_path/Frameworks",
				);
				PRODUCT_BUNDLE_IDENTIFIER = com.linecorp.BlockUITests;
				PRODUCT_NAME = "$(TARGET_NAME)";
				TARGETED_DEVICE_FAMILY = "1,2";
				TEST_TARGET_NAME = Block;
			};
			name = Release;
		};
/* End XCBuildConfiguration section */

/* Begin XCConfigurationList section */
		65C67D9724D01B8A0067347A /* Build configuration list for PBXProject "Block" */ = {
			isa = XCConfigurationList;
			buildConfigurations = (
				65C67DC924D01B8B0067347A /* Debug */,
				65C67DCA24D01B8B0067347A /* Release */,
			);
			defaultConfigurationIsVisible = 0;
			defaultConfigurationName = Release;
		};
		65C67DCB24D01B8B0067347A /* Build configuration list for PBXNativeTarget "Block" */ = {
			isa = XCConfigurationList;
			buildConfigurations = (
				65C67DCC24D01B8B0067347A /* Debug */,
				65C67DCD24D01B8B0067347A /* Release */,
			);
			defaultConfigurationIsVisible = 0;
			defaultConfigurationName = Release;
		};
		65C67DCE24D01B8B0067347A /* Build configuration list for PBXNativeTarget "BlockTests" */ = {
			isa = XCConfigurationList;
			buildConfigurations = (
				65C67DCF24D01B8B0067347A /* Debug */,
				65C67DD024D01B8B0067347A /* Release */,
			);
			defaultConfigurationIsVisible = 0;
			defaultConfigurationName = Release;
		};
		65C67DD124D01B8B0067347A /* Build configuration list for PBXNativeTarget "BlockUITests" */ = {
			isa = XCConfigurationList;
			buildConfigurations = (
				65C67DD224D01B8B0067347A /* Debug */,
				65C67DD324D01B8B0067347A /* Release */,
			);
			defaultConfigurationIsVisible = 0;
			defaultConfigurationName = Release;
		};
/* End XCConfigurationList section */
	};
	rootObject = 65C67D9424D01B8A0067347A /* Project object */;
}
