// !$*UTF8*$!
{
	archiveVersion = 1;
	classes = {
	};
	objectVersion = 46;
	objects = {

/* Begin PBXBuildFile section */
		AC1D30271DFD834C00761442 /* main.m in Sources */ = {isa = PBXBuildFile; fileRef = AC1D30261DFD834C00761442 /* main.m */; };
		AC1D302A1DFD834C00761442 /* AppDelegate.m in Sources */ = {isa = PBXBuildFile; fileRef = AC1D30291DFD834C00761442 /* AppDelegate.m */; };
		AC1D302D1DFD834C00761442 /* ViewController.m in Sources */ = {isa = PBXBuildFile; fileRef = AC1D302C1DFD834C00761442 /* ViewController.m */; };
		AC1D30301DFD834C00761442 /* Main.storyboard in Resources */ = {isa = PBXBuildFile; fileRef = AC1D302E1DFD834C00761442 /* Main.storyboard */; };
		AC1D30321DFD834C00761442 /* Assets.xcassets in Resources */ = {isa = PBXBuildFile; fileRef = AC1D30311DFD834C00761442 /* Assets.xcassets */; };
		AC1D30351DFD834C00761442 /* LaunchScreen.storyboard in Resources */ = {isa = PBXBuildFile; fileRef = AC1D30331DFD834C00761442 /* LaunchScreen.storyboard */; };
		AC1D30401DFD834C00761442 /* UnitTestingTests.m in Sources */ = {isa = PBXBuildFile; fileRef = AC1D303F1DFD834C00761442 /* UnitTestingTests.m */; };
/* End PBXBuildFile section */

/* Begin PBXContainerItemProxy section */
		AC1D303C1DFD834C00761442 /* PBXContainerItemProxy */ = {
			isa = PBXContainerItemProxy;
			containerPortal = AC1D301A1DFD834B00761442 /* Project object */;
			proxyType = 1;
			remoteGlobalIDString = AC1D30211DFD834B00761442;
			remoteInfo = UnitTesting;
		};
/* End PBXContainerItemProxy section */

/* Begin PBXFileReference section */
		AC1D30221DFD834B00761442 /* UnitTesting.app */ = {isa = PBXFileReference; explicitFileType = wrapper.application; includeInIndex = 0; path = UnitTesting.app; sourceTree = BUILT_PRODUCTS_DIR; };
		AC1D30261DFD834C00761442 /* main.m */ = {isa = PBXFileReference; lastKnownFileType = sourcecode.c.objc; path = main.m; sourceTree = "<group>"; };
		AC1D30281DFD834C00761442 /* AppDelegate.h */ = {isa = PBXFileReference; lastKnownFileType = sourcecode.c.h; path = AppDelegate.h; sourceTree = "<group>"; };
		AC1D30291DFD834C00761442 /* AppDelegate.m */ = {isa = PBXFileReference; lastKnownFileType = sourcecode.c.objc; path = AppDelegate.m; sourceTree = "<group>"; };
		AC1D302B1DFD834C00761442 /* ViewController.h */ = {isa = PBXFileReference; lastKnownFileType = sourcecode.c.h; path = ViewController.h; sourceTree = "<group>"; };
		AC1D302C1DFD834C00761442 /* ViewController.m */ = {isa = PBXFileReference; lastKnownFileType = sourcecode.c.objc; path = ViewController.m; sourceTree = "<group>"; };
		AC1D302F1DFD834C00761442 /* Base */ = {isa = PBXFileReference; lastKnownFileType = file.storyboard; name = Base; path = Base.lproj/Main.storyboard; sourceTree = "<group>"; };
		AC1D30311DFD834C00761442 /* Assets.xcassets */ = {isa = PBXFileReference; lastKnownFileType = folder.assetcatalog; path = Assets.xcassets; sourceTree = "<group>"; };
		AC1D30341DFD834C00761442 /* Base */ = {isa = PBXFileReference; lastKnownFileType = file.storyboard; name = Base; path = Base.lproj/LaunchScreen.storyboard; sourceTree = "<group>"; };
		AC1D30361DFD834C00761442 /* Info.plist */ = {isa = PBXFileReference; lastKnownFileType = text.plist.xml; path = Info.plist; sourceTree = "<group>"; };
		AC1D303B1DFD834C00761442 /* UnitTestingTests.xctest */ = {isa = PBXFileReference; explicitFileType = wrapper.cfbundle; includeInIndex = 0; path = UnitTestingTests.xctest; sourceTree = BUILT_PRODUCTS_DIR; };
		AC1D303F1DFD834C00761442 /* UnitTestingTests.m */ = {isa = PBXFileReference; lastKnownFileType = sourcecode.c.objc; path = UnitTestingTests.m; sourceTree = "<group>"; };
		AC1D30411DFD834C00761442 /* Info.plist */ = {isa = PBXFileReference; lastKnownFileType = text.plist.xml; path = Info.plist; sourceTree = "<group>"; };
/* End PBXFileReference section */

/* Begin PBXFrameworksBuildPhase section */
		AC1D301F1DFD834B00761442 /* Frameworks */ = {
			isa = PBXFrameworksBuildPhase;
			buildActionMask = 2147483647;
			files = (
			);
			runOnlyForDeploymentPostprocessing = 0;
		};
		AC1D30381DFD834C00761442 /* Frameworks */ = {
			isa = PBXFrameworksBuildPhase;
			buildActionMask = 2147483647;
			files = (
			);
			runOnlyForDeploymentPostprocessing = 0;
		};
/* End PBXFrameworksBuildPhase section */

/* Begin PBXGroup section */
		AC1D30191DFD834B00761442 = {
			isa = PBXGroup;
			children = (
				AC1D30241DFD834B00761442 /* UnitTesting */,
				AC1D303E1DFD834C00761442 /* UnitTestingTests */,
				AC1D30231DFD834B00761442 /* Products */,
			);
			sourceTree = "<group>";
		};
		AC1D30231DFD834B00761442 /* Products */ = {
			isa = PBXGroup;
			children = (
				AC1D30221DFD834B00761442 /* UnitTesting.app */,
				AC1D303B1DFD834C00761442 /* UnitTestingTests.xctest */,
			);
			name = Products;
			sourceTree = "<group>";
		};
		AC1D30241DFD834B00761442 /* UnitTesting */ = {
			isa = PBXGroup;
			children = (
				AC1D30281DFD834C00761442 /* AppDelegate.h */,
				AC1D30291DFD834C00761442 /* AppDelegate.m */,
				AC1D302B1DFD834C00761442 /* ViewController.h */,
				AC1D302C1DFD834C00761442 /* ViewController.m */,
				AC1D302E1DFD834C00761442 /* Main.storyboard */,
				AC1D30311DFD834C00761442 /* Assets.xcassets */,
				AC1D30331DFD834C00761442 /* LaunchScreen.storyboard */,
				AC1D30361DFD834C00761442 /* Info.plist */,
				AC1D30251DFD834B00761442 /* Supporting Files */,
			);
			path = UnitTesting;
			sourceTree = "<group>";
		};
		AC1D30251DFD834B00761442 /* Supporting Files */ = {
			isa = PBXGroup;
			children = (
				AC1D30261DFD834C00761442 /* main.m */,
			);
			name = "Supporting Files";
			sourceTree = "<group>";
		};
		AC1D303E1DFD834C00761442 /* UnitTestingTests */ = {
			isa = PBXGroup;
			children = (
				AC1D303F1DFD834C00761442 /* UnitTestingTests.m */,
				AC1D30411DFD834C00761442 /* Info.plist */,
			);
			path = UnitTestingTests;
			sourceTree = "<group>";
		};
/* End PBXGroup section */

/* Begin PBXNativeTarget section */
		AC1D30211DFD834B00761442 /* UnitTesting */ = {
			isa = PBXNativeTarget;
			buildConfigurationList = AC1D30441DFD834C00761442 /* Build configuration list for PBXNativeTarget "UnitTesting" */;
			buildPhases = (
				AC1D301E1DFD834B00761442 /* Sources */,
				AC1D301F1DFD834B00761442 /* Frameworks */,
				AC1D30201DFD834B00761442 /* Resources */,
			);
			buildRules = (
			);
			dependencies = (
			);
			name = UnitTesting;
			productName = UnitTesting;
			productReference = AC1D30221DFD834B00761442 /* UnitTesting.app */;
			productType = "com.apple.product-type.application";
		};
		AC1D303A1DFD834C00761442 /* UnitTestingTests */ = {
			isa = PBXNativeTarget;
			buildConfigurationList = AC1D30471DFD834C00761442 /* Build configuration list for PBXNativeTarget "UnitTestingTests" */;
			buildPhases = (
				AC1D30371DFD834C00761442 /* Sources */,
				AC1D30381DFD834C00761442 /* Frameworks */,
				AC1D30391DFD834C00761442 /* Resources */,
			);
			buildRules = (
			);
			dependencies = (
				AC1D303D1DFD834C00761442 /* PBXTargetDependency */,
			);
			name = UnitTestingTests;
			productName = UnitTestingTests;
			productReference = AC1D303B1DFD834C00761442 /* UnitTestingTests.xctest */;
			productType = "com.apple.product-type.bundle.unit-test";
		};
/* End PBXNativeTarget section */

/* Begin PBXProject section */
		AC1D301A1DFD834B00761442 /* Project object */ = {
			isa = PBXProject;
			attributes = {
				LastUpgradeCheck = 0810;
				ORGANIZATIONNAME = cracktheterm;
				TargetAttributes = {
					AC1D30211DFD834B00761442 = {
						CreatedOnToolsVersion = 8.1;
						DevelopmentTeam = G62233X968;
						ProvisioningStyle = Automatic;
					};
					AC1D303A1DFD834C00761442 = {
						CreatedOnToolsVersion = 8.1;
						DevelopmentTeam = G62233X968;
						ProvisioningStyle = Automatic;
						TestTargetID = AC1D30211DFD834B00761442;
					};
				};
			};
			buildConfigurationList = AC1D301D1DFD834B00761442 /* Build configuration list for PBXProject "UnitTesting" */;
			compatibilityVersion = "Xcode 3.2";
			developmentRegion = English;
			hasScannedForEncodings = 0;
			knownRegions = (
				en,
				Base,
			);
			mainGroup = AC1D30191DFD834B00761442;
			productRefGroup = AC1D30231DFD834B00761442 /* Products */;
			projectDirPath = "";
			projectRoot = "";
			targets = (
				AC1D30211DFD834B00761442 /* UnitTesting */,
				AC1D303A1DFD834C00761442 /* UnitTestingTests */,
			);
		};
/* End PBXProject section */

/* Begin PBXResourcesBuildPhase section */
		AC1D30201DFD834B00761442 /* Resources */ = {
			isa = PBXResourcesBuildPhase;
			buildActionMask = 2147483647;
			files = (
				AC1D30351DFD834C00761442 /* LaunchScreen.storyboard in Resources */,
				AC1D30321DFD834C00761442 /* Assets.xcassets in Resources */,
				AC1D30301DFD834C00761442 /* Main.storyboard in Resources */,
			);
			runOnlyForDeploymentPostprocessing = 0;
		};
		AC1D30391DFD834C00761442 /* Resources */ = {
			isa = PBXResourcesBuildPhase;
			buildActionMask = 2147483647;
			files = (
			);
			runOnlyForDeploymentPostprocessing = 0;
		};
/* End PBXResourcesBuildPhase section */

/* Begin PBXSourcesBuildPhase section */
		AC1D301E1DFD834B00761442 /* Sources */ = {
			isa = PBXSourcesBuildPhase;
			buildActionMask = 2147483647;
			files = (
				AC1D302D1DFD834C00761442 /* ViewController.m in Sources */,
				AC1D302A1DFD834C00761442 /* AppDelegate.m in Sources */,
				AC1D30271DFD834C00761442 /* main.m in Sources */,
			);
			runOnlyForDeploymentPostprocessing = 0;
		};
		AC1D30371DFD834C00761442 /* Sources */ = {
			isa = PBXSourcesBuildPhase;
			buildActionMask = 2147483647;
			files = (
				AC1D30401DFD834C00761442 /* UnitTestingTests.m in Sources */,
			);
			runOnlyForDeploymentPostprocessing = 0;
		};
/* End PBXSourcesBuildPhase section */

/* Begin PBXTargetDependency section */
		AC1D303D1DFD834C00761442 /* PBXTargetDependency */ = {
			isa = PBXTargetDependency;
			target = AC1D30211DFD834B00761442 /* UnitTesting */;
			targetProxy = AC1D303C1DFD834C00761442 /* PBXContainerItemProxy */;
		};
/* End PBXTargetDependency section */

/* Begin PBXVariantGroup section */
		AC1D302E1DFD834C00761442 /* Main.storyboard */ = {
			isa = PBXVariantGroup;
			children = (
				AC1D302F1DFD834C00761442 /* Base */,
			);
			name = Main.storyboard;
			sourceTree = "<group>";
		};
		AC1D30331DFD834C00761442 /* LaunchScreen.storyboard */ = {
			isa = PBXVariantGroup;
			children = (
				AC1D30341DFD834C00761442 /* Base */,
			);
			name = LaunchScreen.storyboard;
			sourceTree = "<group>";
		};
/* End PBXVariantGroup section */

/* Begin XCBuildConfiguration section */
		AC1D30421DFD834C00761442 /* Debug */ = {
			isa = XCBuildConfiguration;
			buildSettings = {
				ALWAYS_SEARCH_USER_PATHS = NO;
				CLANG_ANALYZER_NONNULL = YES;
				CLANG_CXX_LANGUAGE_STANDARD = "gnu++0x";
				CLANG_CXX_LIBRARY = "libc++";
				CLANG_ENABLE_MODULES = YES;
				CLANG_ENABLE_OBJC_ARC = YES;
				CLANG_WARN_BOOL_CONVERSION = YES;
				CLANG_WARN_CONSTANT_CONVERSION = YES;
				CLANG_WARN_DIRECT_OBJC_ISA_USAGE = YES_ERROR;
				CLANG_WARN_DOCUMENTATION_COMMENTS = YES;
				CLANG_WARN_EMPTY_BODY = YES;
				CLANG_WARN_ENUM_CONVERSION = YES;
				CLANG_WARN_INFINITE_RECURSION = YES;
				CLANG_WARN_INT_CONVERSION = YES;
				CLANG_WARN_OBJC_ROOT_CLASS = YES_ERROR;
				CLANG_WARN_SUSPICIOUS_MOVES = YES;
				CLANG_WARN_UNREACHABLE_CODE = YES;
				CLANG_WARN__DUPLICATE_METHOD_MATCH = YES;
				"CODE_SIGN_IDENTITY[sdk=iphoneos*]" = "iPhone Developer";
				COPY_PHASE_STRIP = NO;
				DEBUG_INFORMATION_FORMAT = dwarf;
				ENABLE_STRICT_OBJC_MSGSEND = YES;
				ENABLE_TESTABILITY = YES;
				GCC_C_LANGUAGE_STANDARD = gnu99;
				GCC_DYNAMIC_NO_PIC = NO;
				GCC_NO_COMMON_BLOCKS = YES;
				GCC_OPTIMIZATION_LEVEL = 0;
				GCC_PREPROCESSOR_DEFINITIONS = (
					"DEBUG=1",
					"$(inherited)",
				);
				GCC_WARN_64_TO_32_BIT_CONVERSION = YES;
				GCC_WARN_ABOUT_RETURN_TYPE = YES_ERROR;
				GCC_WARN_UNDECLARED_SELECTOR = YES;
				GCC_WARN_UNINITIALIZED_AUTOS = YES_AGGRESSIVE;
				GCC_WARN_UNUSED_FUNCTION = YES;
				GCC_WARN_UNUSED_VARIABLE = YES;
				IPHONEOS_DEPLOYMENT_TARGET = 10.1;
				MTL_ENABLE_DEBUG_INFO = YES;
				ONLY_ACTIVE_ARCH = YES;
				SDKROOT = iphoneos;
			};
			name = Debug;
		};
		AC1D30431DFD834C00761442 /* Release */ = {
			isa = XCBuildConfiguration;
			buildSettings = {
				ALWAYS_SEARCH_USER_PATHS = NO;
				CLANG_ANALYZER_NONNULL = YES;
				CLANG_CXX_LANGUAGE_STANDARD = "gnu++0x";
				CLANG_CXX_LIBRARY = "libc++";
				CLANG_ENABLE_MODULES = YES;
				CLANG_ENABLE_OBJC_ARC = YES;
				CLANG_WARN_BOOL_CONVERSION = YES;
				CLANG_WARN_CONSTANT_CONVERSION = YES;
				CLANG_WARN_DIRECT_OBJC_ISA_USAGE = YES_ERROR;
				CLANG_WARN_DOCUMENTATION_COMMENTS = YES;
				CLANG_WARN_EMPTY_BODY = YES;
				CLANG_WARN_ENUM_CONVERSION = YES;
				CLANG_WARN_INFINITE_RECURSION = YES;
				CLANG_WARN_INT_CONVERSION = YES;
				CLANG_WARN_OBJC_ROOT_CLASS = YES_ERROR;
				CLANG_WARN_SUSPICIOUS_MOVES = YES;
				CLANG_WARN_UNREACHABLE_CODE = YES;
				CLANG_WARN__DUPLICATE_METHOD_MATCH = YES;
				"CODE_SIGN_IDENTITY[sdk=iphoneos*]" = "iPhone Developer";
				COPY_PHASE_STRIP = NO;
				DEBUG_INFORMATION_FORMAT = "dwarf-with-dsym";
				ENABLE_NS_ASSERTIONS = NO;
				ENABLE_STRICT_OBJC_MSGSEND = YES;
				GCC_C_LANGUAGE_STANDARD = gnu99;
				GCC_NO_COMMON_BLOCKS = YES;
				GCC_WARN_64_TO_32_BIT_CONVERSION = YES;
				GCC_WARN_ABOUT_RETURN_TYPE = YES_ERROR;
				GCC_WARN_UNDECLARED_SELECTOR = YES;
				GCC_WARN_UNINITIALIZED_AUTOS = YES_AGGRESSIVE;
				GCC_WARN_UNUSED_FUNCTION = YES;
				GCC_WARN_UNUSED_VARIABLE = YES;
				IPHONEOS_DEPLOYMENT_TARGET = 10.1;
				MTL_ENABLE_DEBUG_INFO = NO;
				SDKROOT = iphoneos;
				VALIDATE_PRODUCT = YES;
			};
			name = Release;
		};
		AC1D30451DFD834C00761442 /* Debug */ = {
			isa = XCBuildConfiguration;
			buildSettings = {
				ASSETCATALOG_COMPILER_APPICON_NAME = AppIcon;
				DEVELOPMENT_TEAM = G62233X968;
				INFOPLIST_FILE = UnitTesting/Info.plist;
				LD_RUNPATH_SEARCH_PATHS = "$(inherited) @executable_path/Frameworks";
				PRODUCT_BUNDLE_IDENTIFIER = com.cracktheterm.UnitTesting;
				PRODUCT_NAME = "$(TARGET_NAME)";
			};
			name = Debug;
		};
		AC1D30461DFD834C00761442 /* Release */ = {
			isa = XCBuildConfiguration;
			buildSettings = {
				ASSETCATALOG_COMPILER_APPICON_NAME = AppIcon;
				DEVELOPMENT_TEAM = G62233X968;
				INFOPLIST_FILE = UnitTesting/Info.plist;
				LD_RUNPATH_SEARCH_PATHS = "$(inherited) @executable_path/Frameworks";
				PRODUCT_BUNDLE_IDENTIFIER = com.cracktheterm.UnitTesting;
				PRODUCT_NAME = "$(TARGET_NAME)";
			};
			name = Release;
		};
		AC1D30481DFD834C00761442 /* Debug */ = {
			isa = XCBuildConfiguration;
			buildSettings = {
				BUNDLE_LOADER = "$(TEST_HOST)";
				DEVELOPMENT_TEAM = G62233X968;
				INFOPLIST_FILE = UnitTestingTests/Info.plist;
				LD_RUNPATH_SEARCH_PATHS = "$(inherited) @executable_path/Frameworks @loader_path/Frameworks";
				PRODUCT_BUNDLE_IDENTIFIER = com.cracktheterm.UnitTestingTests;
				PRODUCT_NAME = "$(TARGET_NAME)";
				TEST_HOST = "$(BUILT_PRODUCTS_DIR)/UnitTesting.app/UnitTesting";
			};
			name = Debug;
		};
		AC1D30491DFD834C00761442 /* Release */ = {
			isa = XCBuildConfiguration;
			buildSettings = {
				BUNDLE_LOADER = "$(TEST_HOST)";
				DEVELOPMENT_TEAM = G62233X968;
				INFOPLIST_FILE = UnitTestingTests/Info.plist;
				LD_RUNPATH_SEARCH_PATHS = "$(inherited) @executable_path/Frameworks @loader_path/Frameworks";
				PRODUCT_BUNDLE_IDENTIFIER = com.cracktheterm.UnitTestingTests;
				PRODUCT_NAME = "$(TARGET_NAME)";
				TEST_HOST = "$(BUILT_PRODUCTS_DIR)/UnitTesting.app/UnitTesting";
			};
			name = Release;
		};
/* End XCBuildConfiguration section */

/* Begin XCConfigurationList section */
		AC1D301D1DFD834B00761442 /* Build configuration list for PBXProject "UnitTesting" */ = {
			isa = XCConfigurationList;
			buildConfigurations = (
				AC1D30421DFD834C00761442 /* Debug */,
				AC1D30431DFD834C00761442 /* Release */,
			);
			defaultConfigurationIsVisible = 0;
			defaultConfigurationName = Release;
		};
		AC1D30441DFD834C00761442 /* Build configuration list for PBXNativeTarget "UnitTesting" */ = {
			isa = XCConfigurationList;
			buildConfigurations = (
				AC1D30451DFD834C00761442 /* Debug */,
				AC1D30461DFD834C00761442 /* Release */,
			);
			defaultConfigurationIsVisible = 0;
		};
		AC1D30471DFD834C00761442 /* Build configuration list for PBXNativeTarget "UnitTestingTests" */ = {
			isa = XCConfigurationList;
			buildConfigurations = (
				AC1D30481DFD834C00761442 /* Debug */,
				AC1D30491DFD834C00761442 /* Release */,
			);
			defaultConfigurationIsVisible = 0;
		};
/* End XCConfigurationList section */
	};
	rootObject = AC1D301A1DFD834B00761442 /* Project object */;
}
